// !$*UTF8*$!
{
	archiveVersion = 1;
	classes = {
	};
	objectVersion = 46;
	objects = {

/* Begin PBXBuildFile section */
		42A092E88788D10498DEAA77 /* libPods-SDCycleBannerView.a in Frameworks */ = {isa = PBXBuildFile; fileRef = 48D2D5B7CCDA489D607344E3 /* libPods-SDCycleBannerView.a */; };
		D00319D71E7A3A6300B5E885 /* main.m in Sources */ = {isa = PBXBuildFile; fileRef = D00319D61E7A3A6300B5E885 /* main.m */; };
		D00319DA1E7A3A6300B5E885 /* AppDelegate.m in Sources */ = {isa = PBXBuildFile; fileRef = D00319D91E7A3A6300B5E885 /* AppDelegate.m */; };
		D00319DD1E7A3A6300B5E885 /* ViewController.m in Sources */ = {isa = PBXBuildFile; fileRef = D00319DC1E7A3A6300B5E885 /* ViewController.m */; };
		D00319E01E7A3A6300B5E885 /* Main.storyboard in Resources */ = {isa = PBXBuildFile; fileRef = D00319DE1E7A3A6300B5E885 /* Main.storyboard */; };
		D00319E21E7A3A6300B5E885 /* Assets.xcassets in Resources */ = {isa = PBXBuildFile; fileRef = D00319E11E7A3A6300B5E885 /* Assets.xcassets */; };
		D00319E51E7A3A6300B5E885 /* LaunchScreen.storyboard in Resources */ = {isa = PBXBuildFile; fileRef = D00319E31E7A3A6300B5E885 /* LaunchScreen.storyboard */; };
		D00319EE1E7A3B6D00B5E885 /* SDCycleBannerView.m in Sources */ = {isa = PBXBuildFile; fileRef = D00319ED1E7A3B6D00B5E885 /* SDCycleBannerView.m */; };
/* End PBXBuildFile section */

/* Begin PBXFileReference section */
		48D2D5B7CCDA489D607344E3 /* libPods-SDCycleBannerView.a */ = {isa = PBXFileReference; explicitFileType = archive.ar; includeInIndex = 0; path = "libPods-SDCycleBannerView.a"; sourceTree = BUILT_PRODUCTS_DIR; };
		69B65DA5403E82B660A08AD2 /* Pods-SDCycleBannerView.debug.xcconfig */ = {isa = PBXFileReference; includeInIndex = 1; lastKnownFileType = text.xcconfig; name = "Pods-SDCycleBannerView.debug.xcconfig"; path = "Pods/Target Support Files/Pods-SDCycleBannerView/Pods-SDCycleBannerView.debug.xcconfig"; sourceTree = "<group>"; };
		BB94BC7B6981D93B922AECB8 /* Pods-SDCycleBannerView.release.xcconfig */ = {isa = PBXFileReference; includeInIndex = 1; lastKnownFileType = text.xcconfig; name = "Pods-SDCycleBannerView.release.xcconfig"; path = "Pods/Target Support Files/Pods-SDCycleBannerView/Pods-SDCycleBannerView.release.xcconfig"; sourceTree = "<group>"; };
		D00319D21E7A3A6300B5E885 /* SDCycleBannerView.app */ = {isa = PBXFileReference; explicitFileType = wrapper.application; includeInIndex = 0; path = SDCycleBannerView.app; sourceTree = BUILT_PRODUCTS_DIR; };
		D00319D61E7A3A6300B5E885 /* main.m */ = {isa = PBXFileReference; lastKnownFileType = sourcecode.c.objc; path = main.m; sourceTree = "<group>"; };
		D00319D81E7A3A6300B5E885 /* AppDelegate.h */ = {isa = PBXFileReference; lastKnownFileType = sourcecode.c.h; path = AppDelegate.h; sourceTree = "<group>"; };
		D00319D91E7A3A6300B5E885 /* AppDelegate.m */ = {isa = PBXFileReference; lastKnownFileType = sourcecode.c.objc; path = AppDelegate.m; sourceTree = "<group>"; };
		D00319DB1E7A3A6300B5E885 /* ViewController.h */ = {isa = PBXFileReference; lastKnownFileType = sourcecode.c.h; path = ViewController.h; sourceTree = "<group>"; };
		D00319DC1E7A3A6300B5E885 /* ViewController.m */ = {isa = PBXFileReference; lastKnownFileType = sourcecode.c.objc; path = ViewController.m; sourceTree = "<group>"; };
		D00319DF1E7A3A6300B5E885 /* Base */ = {isa = PBXFileReference; lastKnownFileType = file.storyboard; name = Base; path = Base.lproj/Main.storyboard; sourceTree = "<group>"; };
		D00319E11E7A3A6300B5E885 /* Assets.xcassets */ = {isa = PBXFileReference; lastKnownFileType = folder.assetcatalog; path = Assets.xcassets; sourceTree = "<group>"; };
		D00319E41E7A3A6300B5E885 /* Base */ = {isa = PBXFileReference; lastKnownFileType = file.storyboard; name = Base; path = Base.lproj/LaunchScreen.storyboard; sourceTree = "<group>"; };
		D00319E61E7A3A6300B5E885 /* Info.plist */ = {isa = PBXFileReference; lastKnownFileType = text.plist.xml; path = Info.plist; sourceTree = "<group>"; };
		D00319EC1E7A3B6D00B5E885 /* SDCycleBannerView.h */ = {isa = PBXFileReference; fileEncoding = 4; lastKnownFileType = sourcecode.c.h; path = SDCycleBannerView.h; sourceTree = "<group>"; };
		D00319ED1E7A3B6D00B5E885 /* SDCycleBannerView.m */ = {isa = PBXFileReference; fileEncoding = 4; lastKnownFileType = sourcecode.c.objc; path = SDCycleBannerView.m; sourceTree = "<group>"; };
/* End PBXFileReference section */

/* Begin PBXFrameworksBuildPhase section */
		D00319CF1E7A3A6300B5E885 /* Frameworks */ = {
			isa = PBXFrameworksBuildPhase;
			buildActionMask = 2147483647;
			files = (
				42A092E88788D10498DEAA77 /* libPods-SDCycleBannerView.a in Frameworks */,
			);
			runOnlyForDeploymentPostprocessing = 0;
		};
/* End PBXFrameworksBuildPhase section */

/* Begin PBXGroup section */
		242541A91F52C1238367F71D /* Frameworks */ = {
			isa = PBXGroup;
			children = (
				48D2D5B7CCDA489D607344E3 /* libPods-SDCycleBannerView.a */,
			);
			name = Frameworks;
			sourceTree = "<group>";
		};
		31AB03C61C9832E04076F949 /* Pods */ = {
			isa = PBXGroup;
			children = (
				69B65DA5403E82B660A08AD2 /* Pods-SDCycleBannerView.debug.xcconfig */,
				BB94BC7B6981D93B922AECB8 /* Pods-SDCycleBannerView.release.xcconfig */,
			);
			name = Pods;
			sourceTree = "<group>";
		};
		D00319C91E7A3A6300B5E885 = {
			isa = PBXGroup;
			children = (
				D00319D41E7A3A6300B5E885 /* SDCycleBannerView */,
				D00319D31E7A3A6300B5E885 /* Products */,
				31AB03C61C9832E04076F949 /* Pods */,
				242541A91F52C1238367F71D /* Frameworks */,
			);
			sourceTree = "<group>";
		};
		D00319D31E7A3A6300B5E885 /* Products */ = {
			isa = PBXGroup;
			children = (
				D00319D21E7A3A6300B5E885 /* SDCycleBannerView.app */,
			);
			name = Products;
			sourceTree = "<group>";
		};
		D00319D41E7A3A6300B5E885 /* SDCycleBannerView */ = {
			isa = PBXGroup;
			children = (
				D00319EC1E7A3B6D00B5E885 /* SDCycleBannerView.h */,
				D00319ED1E7A3B6D00B5E885 /* SDCycleBannerView.m */,
				D00319D81E7A3A6300B5E885 /* AppDelegate.h */,
				D00319D91E7A3A6300B5E885 /* AppDelegate.m */,
				D00319DB1E7A3A6300B5E885 /* ViewController.h */,
				D00319DC1E7A3A6300B5E885 /* ViewController.m */,
				D00319DE1E7A3A6300B5E885 /* Main.storyboard */,
				D00319E11E7A3A6300B5E885 /* Assets.xcassets */,
				D00319E31E7A3A6300B5E885 /* LaunchScreen.storyboard */,
				D00319E61E7A3A6300B5E885 /* Info.plist */,
				D00319D51E7A3A6300B5E885 /* Supporting Files */,
			);
			path = SDCycleBannerView;
			sourceTree = "<group>";
		};
		D00319D51E7A3A6300B5E885 /* Supporting Files */ = {
			isa = PBXGroup;
			children = (
				D00319D61E7A3A6300B5E885 /* main.m */,
			);
			name = "Supporting Files";
			sourceTree = "<group>";
		};
/* End PBXGroup section */

/* Begin PBXNativeTarget section */
		D00319D11E7A3A6300B5E885 /* SDCycleBannerView */ = {
			isa = PBXNativeTarget;
			buildConfigurationList = D00319E91E7A3A6300B5E885 /* Build configuration list for PBXNativeTarget "SDCycleBannerView" */;
			buildPhases = (
				EBAD88C5EA5B6F18E28E2875 /* [CP] Check Pods Manifest.lock */,
				D00319CE1E7A3A6300B5E885 /* Sources */,
				D00319CF1E7A3A6300B5E885 /* Frameworks */,
				D00319D01E7A3A6300B5E885 /* Resources */,
				3D14CEED2D160BB6F3FD63ED /* [CP] Embed Pods Frameworks */,
				3CF51DB89872ED60D5022C85 /* [CP] Copy Pods Resources */,
			);
			buildRules = (
			);
			dependencies = (
			);
			name = SDCycleBannerView;
			productName = SDCycleBannerView;
			productReference = D00319D21E7A3A6300B5E885 /* SDCycleBannerView.app */;
			productType = "com.apple.product-type.application";
		};
/* End PBXNativeTarget section */

/* Begin PBXProject section */
		D00319CA1E7A3A6300B5E885 /* Project object */ = {
			isa = PBXProject;
			attributes = {
				LastUpgradeCheck = 0820;
				ORGANIZATIONNAME = fanxiaobin;
				TargetAttributes = {
					D00319D11E7A3A6300B5E885 = {
						CreatedOnToolsVersion = 8.2.1;
						ProvisioningStyle = Automatic;
					};
				};
			};
			buildConfigurationList = D00319CD1E7A3A6300B5E885 /* Build configuration list for PBXProject "SDCycleBannerView" */;
			compatibilityVersion = "Xcode 3.2";
			developmentRegion = English;
			hasScannedForEncodings = 0;
			knownRegions = (
				en,
				Base,
			);
			mainGroup = D00319C91E7A3A6300B5E885;
			productRefGroup = D00319D31E7A3A6300B5E885 /* Products */;
			projectDirPath = "";
			projectRoot = "";
			targets = (
				D00319D11E7A3A6300B5E885 /* SDCycleBannerView */,
			);
		};
/* End PBXProject section */

/* Begin PBXResourcesBuildPhase section */
		D00319D01E7A3A6300B5E885 /* Resources */ = {
			isa = PBXResourcesBuildPhase;
			buildActionMask = 2147483647;
			files = (
				D00319E51E7A3A6300B5E885 /* LaunchScreen.storyboard in Resources */,
				D00319E21E7A3A6300B5E885 /* Assets.xcassets in Resources */,
				D00319E01E7A3A6300B5E885 /* Main.storyboard in Resources */,
			);
			runOnlyForDeploymentPostprocessing = 0;
		};
/* End PBXResourcesBuildPhase section */

/* Begin PBXShellScriptBuildPhase section */
		3CF51DB89872ED60D5022C85 /* [CP] Copy Pods Resources */ = {
			isa = PBXShellScriptBuildPhase;
			buildActionMask = 2147483647;
			files = (
			);
			inputPaths = (
			);
			name = "[CP] Copy Pods Resources";
			outputPaths = (
			);
			runOnlyForDeploymentPostprocessing = 0;
			shellPath = /bin/sh;
			shellScript = "\"${SRCROOT}/Pods/Target Support Files/Pods-SDCycleBannerView/Pods-SDCycleBannerView-resources.sh\"\n";
			showEnvVarsInLog = 0;
		};
		3D14CEED2D160BB6F3FD63ED /* [CP] Embed Pods Frameworks */ = {
			isa = PBXShellScriptBuildPhase;
			buildActionMask = 2147483647;
			files = (
			);
			inputPaths = (
			);
			name = "[CP] Embed Pods Frameworks";
			outputPaths = (
			);
			runOnlyForDeploymentPostprocessing = 0;
			shellPath = /bin/sh;
			shellScript = "\"${SRCROOT}/Pods/Target Support Files/Pods-SDCycleBannerView/Pods-SDCycleBannerView-frameworks.sh\"\n";
			showEnvVarsInLog = 0;
		};
		EBAD88C5EA5B6F18E28E2875 /* [CP] Check Pods Manifest.lock */ = {
			isa = PBXShellScriptBuildPhase;
			buildActionMask = 2147483647;
			files = (
			);
			inputPaths = (
			);
			name = "[CP] Check Pods Manifest.lock";
			outputPaths = (
			);
			runOnlyForDeploymentPostprocessing = 0;
			shellPath = /bin/sh;
			shellScript = "diff \"${PODS_ROOT}/../Podfile.lock\" \"${PODS_ROOT}/Manifest.lock\" > /dev/null\nif [ $? != 0 ] ; then\n    # print error to STDERR\n    echo \"error: The sandbox is not in sync with the Podfile.lock. Run 'pod install' or update your CocoaPods installation.\" >&2\n    exit 1\nfi\n";
			showEnvVarsInLog = 0;
		};
/* End PBXShellScriptBuildPhase section */

/* Begin PBXSourcesBuildPhase section */
		D00319CE1E7A3A6300B5E885 /* Sources */ = {
			isa = PBXSourcesBuildPhase;
			buildActionMask = 2147483647;
			files = (
				D00319DD1E7A3A6300B5E885 /* ViewController.m in Sources */,
				D00319DA1E7A3A6300B5E885 /* AppDelegate.m in Sources */,
				D00319EE1E7A3B6D00B5E885 /* SDCycleBannerView.m in Sources */,
				D00319D71E7A3A6300B5E885 /* main.m in Sources */,
			);
			runOnlyForDeploymentPostprocessing = 0;
		};
/* End PBXSourcesBuildPhase section */

/* Begin PBXVariantGroup section */
		D00319DE1E7A3A6300B5E885 /* Main.storyboard */ = {
			isa = PBXVariantGroup;
			children = (
				D00319DF1E7A3A6300B5E885 /* Base */,
			);
			name = Main.storyboard;
			sourceTree = "<group>";
		};
		D00319E31E7A3A6300B5E885 /* LaunchScreen.storyboard */ = {
			isa = PBXVariantGroup;
			children = (
				D00319E41E7A3A6300B5E885 /* Base */,
			);
			name = LaunchScreen.storyboard;
			sourceTree = "<group>";
		};
/* End PBXVariantGroup section */

/* Begin XCBuildConfiguration section */
		D00319E71E7A3A6300B5E885 /* Debug */ = {
			isa = XCBuildConfiguration;
			buildSettings = {
				ALWAYS_SEARCH_USER_PATHS = NO;
				CLANG_ANALYZER_NONNULL = YES;
				CLANG_CXX_LANGUAGE_STANDARD = "gnu++0x";
				CLANG_CXX_LIBRARY = "libc++";
				CLANG_ENABLE_MODULES = YES;
				CLANG_ENABLE_OBJC_ARC = YES;
				CLANG_WARN_BOOL_CONVERSION = YES;
				CLANG_WARN_CONSTANT_CONVERSION = YES;
				CLANG_WARN_DIRECT_OBJC_ISA_USAGE = YES_ERROR;
				CLANG_WARN_DOCUMENTATION_COMMENTS = YES;
				CLANG_WARN_EMPTY_BODY = YES;
				CLANG_WARN_ENUM_CONVERSION = YES;
				CLANG_WARN_INFINITE_RECURSION = YES;
				CLANG_WARN_INT_CONVERSION = YES;
				CLANG_WARN_OBJC_ROOT_CLASS = YES_ERROR;
				CLANG_WARN_SUSPICIOUS_MOVE = YES;
				CLANG_WARN_UNREACHABLE_CODE = YES;
				CLANG_WARN__DUPLICATE_METHOD_MATCH = YES;
				"CODE_SIGN_IDENTITY[sdk=iphoneos*]" = "iPhone Developer";
				COPY_PHASE_STRIP = NO;
				DEBUG_INFORMATION_FORMAT = dwarf;
				ENABLE_STRICT_OBJC_MSGSEND = YES;
				ENABLE_TESTABILITY = YES;
				GCC_C_LANGUAGE_STANDARD = gnu99;
				GCC_DYNAMIC_NO_PIC = NO;
				GCC_NO_COMMON_BLOCKS = YES;
				GCC_OPTIMIZATION_LEVEL = 0;
				GCC_PREPROCESSOR_DEFINITIONS = (
					"DEBUG=1",
					"$(inherited)",
				);
				GCC_WARN_64_TO_32_BIT_CONVERSION = YES;
				GCC_WARN_ABOUT_RETURN_TYPE = YES_ERROR;
				GCC_WARN_UNDECLARED_SELECTOR = YES;
				GCC_WARN_UNINITIALIZED_AUTOS = YES_AGGRESSIVE;
				GCC_WARN_UNUSED_FUNCTION = YES;
				GCC_WARN_UNUSED_VARIABLE = YES;
				IPHONEOS_DEPLOYMENT_TARGET = 10.2;
				MTL_ENABLE_DEBUG_INFO = YES;
				ONLY_ACTIVE_ARCH = YES;
				SDKROOT = iphoneos;
				TARGETED_DEVICE_FAMILY = "1,2";
			};
			name = Debug;
		};
		D00319E81E7A3A6300B5E885 /* Release */ = {
			isa = XCBuildConfiguration;
			buildSettings = {
				ALWAYS_SEARCH_USER_PATHS = NO;
				CLANG_ANALYZER_NONNULL = YES;
				CLANG_CXX_LANGUAGE_STANDARD = "gnu++0x";
				CLANG_CXX_LIBRARY = "libc++";
				CLANG_ENABLE_MODULES = YES;
				CLANG_ENABLE_OBJC_ARC = YES;
				CLANG_WARN_BOOL_CONVERSION = YES;
				CLANG_WARN_CONSTANT_CONVERSION = YES;
				CLANG_WARN_DIRECT_OBJC_ISA_USAGE = YES_ERROR;
				CLANG_WARN_DOCUMENTATION_COMMENTS = YES;
				CLANG_WARN_EMPTY_BODY = YES;
				CLANG_WARN_ENUM_CONVERSION = YES;
				CLANG_WARN_INFINITE_RECURSION = YES;
				CLANG_WARN_INT_CONVERSION = YES;
				CLANG_WARN_OBJC_ROOT_CLASS = YES_ERROR;
				CLANG_WARN_SUSPICIOUS_MOVE = YES;
				CLANG_WARN_UNREACHABLE_CODE = YES;
				CLANG_WARN__DUPLICATE_METHOD_MATCH = YES;
				"CODE_SIGN_IDENTITY[sdk=iphoneos*]" = "iPhone Developer";
				COPY_PHASE_STRIP = NO;
				DEBUG_INFORMATION_FORMAT = "dwarf-with-dsym";
				ENABLE_NS_ASSERTIONS = NO;
				ENABLE_STRICT_OBJC_MSGSEND = YES;
				GCC_C_LANGUAGE_STANDARD = gnu99;
				GCC_NO_COMMON_BLOCKS = YES;
				GCC_WARN_64_TO_32_BIT_CONVERSION = YES;
				GCC_WARN_ABOUT_RETURN_TYPE = YES_ERROR;
				GCC_WARN_UNDECLARED_SELECTOR = YES;
				GCC_WARN_UNINITIALIZED_AUTOS = YES_AGGRESSIVE;
				GCC_WARN_UNUSED_FUNCTION = YES;
				GCC_WARN_UNUSED_VARIABLE = YES;
				IPHONEOS_DEPLOYMENT_TARGET = 10.2;
				MTL_ENABLE_DEBUG_INFO = NO;
				SDKROOT = iphoneos;
				TARGETED_DEVICE_FAMILY = "1,2";
				VALIDATE_PRODUCT = YES;
			};
			name = Release;
		};
		D00319EA1E7A3A6300B5E885 /* Debug */ = {
			isa = XCBuildConfiguration;
			baseConfigurationReference = 69B65DA5403E82B660A08AD2 /* Pods-SDCycleBannerView.debug.xcconfig */;
			buildSettings = {
				ASSETCATALOG_COMPILER_APPICON_NAME = AppIcon;
				INFOPLIST_FILE = SDCycleBannerView/Info.plist;
				LD_RUNPATH_SEARCH_PATHS = "$(inherited) @executable_path/Frameworks";
				PRODUCT_BUNDLE_IDENTIFIER = fanxiaobin.SDCycleBannerView;
				PRODUCT_NAME = "$(TARGET_NAME)";
			};
			name = Debug;
		};
		D00319EB1E7A3A6300B5E885 /* Release */ = {
			isa = XCBuildConfiguration;
			baseConfigurationReference = BB94BC7B6981D93B922AECB8 /* Pods-SDCycleBannerView.release.xcconfig */;
			buildSettings = {
				ASSETCATALOG_COMPILER_APPICON_NAME = AppIcon;
				INFOPLIST_FILE = SDCycleBannerView/Info.plist;
				LD_RUNPATH_SEARCH_PATHS = "$(inherited) @executable_path/Frameworks";
				PRODUCT_BUNDLE_IDENTIFIER = fanxiaobin.SDCycleBannerView;
				PRODUCT_NAME = "$(TARGET_NAME)";
			};
			name = Release;
		};
/* End XCBuildConfiguration section */

/* Begin XCConfigurationList section */
		D00319CD1E7A3A6300B5E885 /* Build configuration list for PBXProject "SDCycleBannerView" */ = {
			isa = XCConfigurationList;
			buildConfigurations = (
				D00319E71E7A3A6300B5E885 /* Debug */,
				D00319E81E7A3A6300B5E885 /* Release */,
			);
			defaultConfigurationIsVisible = 0;
			defaultConfigurationName = Release;
		};
		D00319E91E7A3A6300B5E885 /* Build configuration list for PBXNativeTarget "SDCycleBannerView" */ = {
			isa = XCConfigurationList;
			buildConfigurations = (
				D00319EA1E7A3A6300B5E885 /* Debug */,
				D00319EB1E7A3A6300B5E885 /* Release */,
			);
			defaultConfigurationIsVisible = 0;
			defaultConfigurationName = Release;
		};
/* End XCConfigurationList section */
	};
	rootObject = D00319CA1E7A3A6300B5E885 /* Project object */;
}
